
Microsoft Visual Studio Solution File, Format Version 12.00
# Visual Studio Version 17
VisualStudioVersion = 17.10.35122.118
MinimumVisualStudioVersion = 10.0.40219.1
Project("{FAE04EC0-301F-11D3-BF4B-00C04F79EFBC}") = "DesignPatternPoc", "DesignPatternPoc.csproj", "{30965DA4-D203-4183-855E-FFE2980C9C61}"
EndProject
Global
	GlobalSection(SolutionConfigurationPlatforms) = preSolution
		Debug|Any CPU = Debug|Any CPU
		Release|Any CPU = Release|Any CPU
	EndGlobalSection
	GlobalSection(ProjectConfigurationPlatforms) = postSolution
		{30965DA4-D203-4183-855E-FFE2980C9C61}.Debug|Any CPU.ActiveCfg = Debug|Any CPU
		{30965DA4-D203-4183-855E-FFE2980C9C61}.Debug|Any CPU.Build.0 = Debug|Any CPU
		{30965DA4-D203-4183-855E-FFE2980C9C61}.Release|Any CPU.ActiveCfg = Release|Any CPU
		{30965DA4-D203-4183-855E-FFE2980C9C61}.Release|Any CPU.Build.0 = Release|Any CPU
	EndGlobalSection
	GlobalSection(SolutionProperties) = preSolution
		HideSolutionNode = FALSE
	EndGlobalSection
	GlobalSection(ExtensibilityGlobals) = postSolution
		SolutionGuid = {84F4BA97-7847-46C1-B609-8CB76FBFE358}
	EndGlobalSection
EndGlobal
